# @generated - this file is auto-generated by `mise lock` https://mise.jdx.dev/dev-tools/mise-lock.html

[[tools.node]]
version = "22.16.0"
backend = "core:node"

[tools.node."platforms.linux-arm64"]
checksum = "sha256:1725602e9fb150eb8b8220a899085190e1c04d1a5f3862b01c3dc1dfce0157f9"
url = "https://nodejs.org/dist/v22.16.0/node-v22.16.0-linux-arm64.tar.gz"

[tools.node."platforms.linux-arm64-musl"]
checksum = "sha256:1725602e9fb150eb8b8220a899085190e1c04d1a5f3862b01c3dc1dfce0157f9"
url = "https://nodejs.org/dist/v22.16.0/node-v22.16.0-linux-arm64.tar.gz"

[tools.node."platforms.linux-x64"]
checksum = "sha256:fb870226119d47378fa9c92c4535389c72dae14fcc7b47e6fdcc82c43de5a547"
url = "https://nodejs.org/dist/v22.16.0/node-v22.16.0-linux-x64.tar.gz"

[tools.node."platforms.linux-x64-musl"]
checksum = "sha256:fb870226119d47378fa9c92c4535389c72dae14fcc7b47e6fdcc82c43de5a547"
url = "https://nodejs.org/dist/v22.16.0/node-v22.16.0-linux-x64.tar.gz"

[tools.node."platforms.macos-arm64"]
checksum = "sha256:1d7f34ec4c03e12d8b33481e5c4560432d7dc31a0ef3ff5a4d9a8ada7cf6ecc9"
url = "https://nodejs.org/dist/v22.16.0/node-v22.16.0-darwin-arm64.tar.gz"

[tools.node."platforms.macos-x64"]
checksum = "sha256:838d400f7e66c804e5d11e2ecb61d6e9e878611146baff69d6a2def3cc23f4ac"
url = "https://nodejs.org/dist/v22.16.0/node-v22.16.0-darwin-x64.tar.gz"

[tools.node."platforms.windows-x64"]
checksum = "sha256:21c2d9735c80b8f86dab19305aa6a9f6f59bbc808f68de3eef09d5832e3bfbbd"
url = "https://nodejs.org/dist/v22.16.0/node-v22.16.0-win-x64.zip"

[[tools.pnpm]]
version = "10.13.1"
backend = "aqua:pnpm/pnpm"

[[tools.python]]
version = "3.13.12"
backend = "core:python"

[tools.python."platforms.linux-arm64"]
checksum = "sha256:8abd16da242b56902a13ba1d6e3aaa0d6d19dfc71547f04e437f707fde179915"
url = "https://github.com/astral-sh/python-build-standalone/releases/download/20260324/cpython-3.13.12+20260324-aarch64-unknown-linux-gnu-install_only_stripped.tar.gz"
provenance = "github-attestations"

[tools.python."platforms.linux-arm64-musl"]
checksum = "sha256:8abd16da242b56902a13ba1d6e3aaa0d6d19dfc71547f04e437f707fde179915"
url = "https://github.com/astral-sh/python-build-standalone/releases/download/20260324/cpython-3.13.12+20260324-aarch64-unknown-linux-gnu-install_only_stripped.tar.gz"
provenance = "github-attestations"

[tools.python."platforms.linux-x64"]
checksum = "sha256:91c8920a197c3f7c562612eb4537e18e0c52c1c918bb39912cbd0b1b3c154229"
url = "https://github.com/astral-sh/python-build-standalone/releases/download/20260324/cpython-3.13.12+20260324-x86_64-unknown-linux-gnu-install_only_stripped.tar.gz"
provenance = "github-attestations"

[tools.python."platforms.linux-x64-musl"]
checksum = "sha256:91c8920a197c3f7c562612eb4537e18e0c52c1c918bb39912cbd0b1b3c154229"
url = "https://github.com/astral-sh/python-build-standalone/releases/download/20260324/cpython-3.13.12+20260324-x86_64-unknown-linux-gnu-install_only_stripped.tar.gz"
provenance = "github-attestations"

[tools.python."platforms.macos-arm64"]
checksum = "sha256:3de7059c87c0e7604e3e9397a547020c161f65c8d51d358e230d3a7d3a456aaa"
url = "https://github.com/astral-sh/python-build-standalone/releases/download/20260324/cpython-3.13.12+20260324-aarch64-apple-darwin-install_only_stripped.tar.gz"
provenance = "github-attestations"

[tools.python."platforms.macos-x64"]
checksum = "sha256:7fd6a6162ef82c9df74eb1c71dad042a05960869789915b1203d61f14d3dc629"
url = "https://github.com/astral-sh/python-build-standalone/releases/download/20260324/cpython-3.13.12+20260324-x86_64-apple-darwin-install_only_stripped.tar.gz"
provenance = "github-attestations"

[tools.python."platforms.windows-x64"]
checksum = "sha256:b11194bd12122df60e24b08a71a4e5aaa1d15c2cf436f7f4f57bbea4f9a80462"
url = "https://github.com/astral-sh/python-build-standalone/releases/download/20260324/cpython-3.13.12+20260324-x86_64-pc-windows-msvc-install_only_stripped.tar.gz"
provenance = "github-attestations"

[[tools.uv]]
version = "0.7.22"
backend = "aqua:astral-sh/uv"

[tools.uv."platforms.linux-arm64"]
checksum = "sha256:1d524e7d61336ccdc4caa2299df811f318b96d81034ff621b7217d6c440a1702"
url = "https://github.com/astral-sh/uv/releases/download/0.7.22/uv-aarch64-unknown-linux-musl.tar.gz"

[tools.uv."platforms.linux-arm64-musl"]
checksum = "sha256:1d524e7d61336ccdc4caa2299df811f318b96d81034ff621b7217d6c440a1702"
url = "https://github.com/astral-sh/uv/releases/download/0.7.22/uv-aarch64-unknown-linux-musl.tar.gz"

[tools.uv."platforms.linux-x64"]
checksum = "sha256:0508e73f28fa4024c76c4e0a5e347fea6aeb4bead0234618e6cfb76804237259"
url = "https://github.com/astral-sh/uv/releases/download/0.7.22/uv-x86_64-unknown-linux-musl.tar.gz"

[tools.uv."platforms.linux-x64-musl"]
checksum = "sha256:0508e73f28fa4024c76c4e0a5e347fea6aeb4bead0234618e6cfb76804237259"
url = "https://github.com/astral-sh/uv/releases/download/0.7.22/uv-x86_64-unknown-linux-musl.tar.gz"

[tools.uv."platforms.macos-arm64"]
checksum = "sha256:707677074a9ae6906d4ccb22089341e3541db78022dc926e985bcc35fbb53a74"
url = "https://github.com/astral-sh/uv/releases/download/0.7.22/uv-aarch64-apple-darwin.tar.gz"

[tools.uv."platforms.macos-x64"]
checksum = "sha256:af8fb83280a000f5864653ca0c9a1f69bbdbc8b2bbfeb2e1d450ce7fd1518ff1"
url = "https://github.com/astral-sh/uv/releases/download/0.7.22/uv-x86_64-apple-darwin.tar.gz"

[tools.uv."platforms.windows-x64"]
checksum = "sha256:ce5c13291643e8306e8d2dbcaf340d36ea985a761a53f2ca0a45e1a8e8936c85"
url = "https://github.com/astral-sh/uv/releases/download/0.7.22/uv-x86_64-pc-windows-msvc.zip"
